
Microsoft Visual Studio Solution File, Format Version 12.00
# Visual Studio Version 16
VisualStudioVersion = 16.0.29215.179
MinimumVisualStudioVersion = 10.0.40219.1
Project("{FAE04EC0-301F-11D3-BF4B-00C04F79EFBC}") = "IndoRestaurant", "IndoRestaurant.csproj", "{77F2EEA3-C774-499F-B706-1A16705B5857}"
EndProject
Global
	GlobalSection(SolutionConfigurationPlatforms) = preSolution
		Debug|Any CPU = Debug|Any CPU
		Release|Any CPU = Release|Any CPU
	EndGlobalSection
	GlobalSection(ProjectConfigurationPlatforms) = postSolution
		{77F2EEA3-C774-499F-B706-1A16705B5857}.Debug|Any CPU.ActiveCfg = Debug|Any CPU
		{77F2EEA3-C774-499F-B706-1A16705B5857}.Debug|Any CPU.Build.0 = Debug|Any CPU
		{77F2EEA3-C774-499F-B706-1A16705B5857}.Release|Any CPU.ActiveCfg = Release|Any CPU
		{77F2EEA3-C774-499F-B706-1A16705B5857}.Release|Any CPU.Build.0 = Release|Any CPU
	EndGlobalSection
	GlobalSection(SolutionProperties) = preSolution
		HideSolutionNode = FALSE
	EndGlobalSection
	GlobalSection(ExtensibilityGlobals) = postSolution
		SolutionGuid = {44FB541D-790F-4277-9163-AB96DC8F8F57}
	EndGlobalSection
EndGlobal
